<?xml version="1.0" encoding="utf-8"?>
<Project ToolsVersion="4.0" xmlns="http://schemas.microsoft.com/developer/msbuild/2003">
  <ItemGroup>
    <Filter Include="소스 파일">
      <UniqueIdentifier>{4FC737F1-C7A5-4376-A066-2A32D752A2FF}</UniqueIdentifier>
      <Extensions>cpp;c;cc;cxx;c++;cppm;ixx;def;odl;idl;hpj;bat;asm;asmx</Extensions>
    </Filter>
    <Filter Include="헤더 파일">
      <UniqueIdentifier>{93995380-89BD-4b04-88EB-625FBE52EBFB}</UniqueIdentifier>
      <Extensions>h;hh;hpp;hxx;h++;hm;inl;inc;ipp;xsd</Extensions>
    </Filter>
    <Filter Include="리소스 파일">
      <UniqueIdentifier>{67DA6AB6-F800-4c08-8B7A-83BB121AAD01}</UniqueIdentifier>
      <Extensions>rc;ico;cur;bmp;dlg;rc2;rct;bin;rgs;gif;jpg;jpeg;jpe;resx;tiff;tif;png;wav;mfcribbon-ms</Extensions>
    </Filter>
  </ItemGroup>
  <ItemGroup>
    <ClCompile Include="에제3-2 Rectangle 클래스 만들기 소스.cpp">
      <Filter>소스 파일</Filter>
    </ClCompile>
    <ClCompile Include="예제3-1 Circle 클래스의 객체 생성 및 활용.cpp">
      <Filter>소스 파일</Filter>
    </ClCompile>
    <ClCompile Include="예제3-3 2개의 생성자를 가진 Circle 클래스.cpp">
      <Filter>소스 파일</Filter>
    </ClCompile>
    <ClCompile Include="예제3-4 위임 생성자 만들기.cpp">
      <Filter>소스 파일</Filter>
    </ClCompile>
    <ClCompile Include="예제3-5 멤버 변수의 초기화와 위임 생성자 활용.cpp">
      <Filter>소스 파일</Filter>
    </ClCompile>
    <ClCompile Include="예제3-7 Circle 클래스에 소멸자 작성 및 실행.cpp">
      <Filter>소스 파일</Filter>
    </ClCompile>
    <ClCompile Include="예제3-10 Circle 클래스를 C++ 구조체를 이용하여 재작성.cpp">
      <Filter>소스 파일</Filter>
    </ClCompile>
    <ClCompile Include="예제3-11-2 바람직한 C++ 프로그램 작성법(구현부).cpp">
      <Filter>소스 파일</Filter>
    </ClCompile>
    <ClCompile Include="예제3-11-3 바람직한 C++ 프로그램 작성법(main함수).cpp">
      <Filter>소스 파일</Filter>
    </ClCompile>
  </ItemGroup>
  <ItemGroup>
    <ClInclude Include="예제3-11-1 바람직한 C++ 프로그램 작성법(헤더파일)circle.h">
      <Filter>소스 파일</Filter>
    </ClInclude>
  </ItemGroup>
</Project>