<?xml version="1.0" encoding="utf-8"?>
<Project ToolsVersion="4.0" xmlns="http://schemas.microsoft.com/developer/msbuild/2003">
  <ItemGroup>
    <Filter Include="소스 파일">
      <UniqueIdentifier>{4FC737F1-C7A5-4376-A066-2A32D752A2FF}</UniqueIdentifier>
      <Extensions>cpp;c;cc;cxx;c++;cppm;ixx;def;odl;idl;hpj;bat;asm;asmx</Extensions>
    </Filter>
    <Filter Include="헤더 파일">
      <UniqueIdentifier>{93995380-89BD-4b04-88EB-625FBE52EBFB}</UniqueIdentifier>
      <Extensions>h;hh;hpp;hxx;h++;hm;inl;inc;ipp;xsd</Extensions>
    </Filter>
    <Filter Include="리소스 파일">
      <UniqueIdentifier>{67DA6AB6-F800-4c08-8B7A-83BB121AAD01}</UniqueIdentifier>
      <Extensions>rc;ico;cur;bmp;dlg;rc2;rct;bin;rgs;gif;jpg;jpeg;jpe;resx;tiff;tif;png;wav;mfcribbon-ms</Extensions>
    </Filter>
  </ItemGroup>
  <ItemGroup>
    <ClCompile Include="7-2 다른 클래스의 멤버 함수를 프렌드로 선언.cpp">
      <Filter>소스 파일</Filter>
    </ClCompile>
    <ClCompile Include="7-4 두 개의 power 객체를 더하는 + 연산자 작성.cpp">
      <Filter>소스 파일</Filter>
    </ClCompile>
    <ClCompile Include="7-6 두 개의 Power 객체를 더하는 += 연산자 작성.cpp">
      <Filter>소스 파일</Filter>
    </ClCompile>
    <ClCompile Include="7-7 + 연산자 작성 .cpp">
      <Filter>소스 파일</Filter>
    </ClCompile>
    <ClCompile Include="367p-1.cpp">
      <Filter>소스 파일</Filter>
    </ClCompile>
    <ClCompile Include="367p-1 friend.cpp">
      <Filter>소스 파일</Filter>
    </ClCompile>
    <ClCompile Include="7-8 전위 ++ 연산자 작성.cpp">
      <Filter>소스 파일</Filter>
    </ClCompile>
    <ClCompile Include="7-9 Power 클래스에 ! 연산자 작성.cpp">
      <Filter>소스 파일</Filter>
    </ClCompile>
    <ClCompile Include="7-11 2+a를 위한 + 연산자 함수를 프렌드로 작성.cpp">
      <Filter>소스 파일</Filter>
    </ClCompile>
  </ItemGroup>
</Project>