
Microsoft Visual Studio Solution File, Format Version 12.00
# Visual Studio Version 16
VisualStudioVersion = 16.0.32126.315
MinimumVisualStudioVersion = 10.0.40219.1
Project("{8BC9CEB8-8B4A-11D0-8D11-00A0C91BC942}") = "6장", "6장.vcxproj", "{0D20118F-C7AC-49C7-A5EA-1A637B52FA77}"
EndProject
Global
	GlobalSection(SolutionConfigurationPlatforms) = preSolution
		Debug|x64 = Debug|x64
		Debug|x86 = Debug|x86
		Release|x64 = Release|x64
		Release|x86 = Release|x86
	EndGlobalSection
	GlobalSection(ProjectConfigurationPlatforms) = postSolution
		{0D20118F-C7AC-49C7-A5EA-1A637B52FA77}.Debug|x64.ActiveCfg = Debug|x64
		{0D20118F-C7AC-49C7-A5EA-1A637B52FA77}.Debug|x64.Build.0 = Debug|x64
		{0D20118F-C7AC-49C7-A5EA-1A637B52FA77}.Debug|x86.ActiveCfg = Debug|Win32
		{0D20118F-C7AC-49C7-A5EA-1A637B52FA77}.Debug|x86.Build.0 = Debug|Win32
		{0D20118F-C7AC-49C7-A5EA-1A637B52FA77}.Release|x64.ActiveCfg = Release|x64
		{0D20118F-C7AC-49C7-A5EA-1A637B52FA77}.Release|x64.Build.0 = Release|x64
		{0D20118F-C7AC-49C7-A5EA-1A637B52FA77}.Release|x86.ActiveCfg = Release|Win32
		{0D20118F-C7AC-49C7-A5EA-1A637B52FA77}.Release|x86.Build.0 = Release|Win32
	EndGlobalSection
	GlobalSection(SolutionProperties) = preSolution
		HideSolutionNode = FALSE
	EndGlobalSection
	GlobalSection(ExtensibilityGlobals) = postSolution
		SolutionGuid = {A527AC3A-4587-4A1D-A916-E6EF76A6C840}
	EndGlobalSection
EndGlobal
