
Microsoft Visual Studio Solution File, Format Version 12.00
# Visual Studio Version 16
VisualStudioVersion = 16.0.32126.315
MinimumVisualStudioVersion = 10.0.40219.1
Project("{8BC9CEB8-8B4A-11D0-8D11-00A0C91BC942}") = "4장", "4장.vcxproj", "{083D93A2-498B-45A0-ADB0-D5762C5529BB}"
EndProject
Global
	GlobalSection(SolutionConfigurationPlatforms) = preSolution
		Debug|x64 = Debug|x64
		Debug|x86 = Debug|x86
		Release|x64 = Release|x64
		Release|x86 = Release|x86
	EndGlobalSection
	GlobalSection(ProjectConfigurationPlatforms) = postSolution
		{083D93A2-498B-45A0-ADB0-D5762C5529BB}.Debug|x64.ActiveCfg = Debug|x64
		{083D93A2-498B-45A0-ADB0-D5762C5529BB}.Debug|x64.Build.0 = Debug|x64
		{083D93A2-498B-45A0-ADB0-D5762C5529BB}.Debug|x86.ActiveCfg = Debug|Win32
		{083D93A2-498B-45A0-ADB0-D5762C5529BB}.Debug|x86.Build.0 = Debug|Win32
		{083D93A2-498B-45A0-ADB0-D5762C5529BB}.Release|x64.ActiveCfg = Release|x64
		{083D93A2-498B-45A0-ADB0-D5762C5529BB}.Release|x64.Build.0 = Release|x64
		{083D93A2-498B-45A0-ADB0-D5762C5529BB}.Release|x86.ActiveCfg = Release|Win32
		{083D93A2-498B-45A0-ADB0-D5762C5529BB}.Release|x86.Build.0 = Release|Win32
	EndGlobalSection
	GlobalSection(SolutionProperties) = preSolution
		HideSolutionNode = FALSE
	EndGlobalSection
	GlobalSection(ExtensibilityGlobals) = postSolution
		SolutionGuid = {F7A6431A-93A1-4FAA-9DD4-EEB441C0274A}
	EndGlobalSection
EndGlobal
