<?xml version="1.0" encoding="utf-8"?>
<Project ToolsVersion="4.0" xmlns="http://schemas.microsoft.com/developer/msbuild/2003">
  <ItemGroup>
    <Filter Include="소스 파일">
      <UniqueIdentifier>{4FC737F1-C7A5-4376-A066-2A32D752A2FF}</UniqueIdentifier>
      <Extensions>cpp;c;cc;cxx;c++;cppm;ixx;def;odl;idl;hpj;bat;asm;asmx</Extensions>
    </Filter>
    <Filter Include="헤더 파일">
      <UniqueIdentifier>{93995380-89BD-4b04-88EB-625FBE52EBFB}</UniqueIdentifier>
      <Extensions>h;hh;hpp;hxx;h++;hm;inl;inc;ipp;xsd</Extensions>
    </Filter>
    <Filter Include="리소스 파일">
      <UniqueIdentifier>{67DA6AB6-F800-4c08-8B7A-83BB121AAD01}</UniqueIdentifier>
      <Extensions>rc;ico;cur;bmp;dlg;rc2;rct;bin;rgs;gif;jpg;jpeg;jpe;resx;tiff;tif;png;wav;mfcribbon-ms</Extensions>
    </Filter>
  </ItemGroup>
  <ItemGroup>
    <ClCompile Include="예제 4-1.cpp">
      <Filter>소스 파일</Filter>
    </ClCompile>
    <ClCompile Include="예제 4-2 Circle 클래스의 배열 선언 및 활용.cpp">
      <Filter>소스 파일</Filter>
    </ClCompile>
    <ClCompile Include="예제 4-3 객체 배열 초기화.cpp">
      <Filter>소스 파일</Filter>
    </ClCompile>
    <ClCompile Include="예제 4-5 정수형 공간의 동적 할당 및 반환 예cpp.cpp">
      <Filter>소스 파일</Filter>
    </ClCompile>
    <ClCompile Include="예제 4-8 Circle 객체의 동적 생성과 반환 응용.cpp">
      <Filter>소스 파일</Filter>
    </ClCompile>
    <ClCompile Include="예제 4-8-1 Circle 객체의 동적 생성과 반환 응용(기존 코드에 정적 생성으로 받기).cpp">
      <Filter>소스 파일</Filter>
    </ClCompile>
    <ClCompile Include="예제 4-10 객체 배열의 동적 생성과 반환 응용.cpp">
      <Filter>소스 파일</Filter>
    </ClCompile>
    <ClCompile Include="예제 4-11 string 클래스를 이용한 문자열 생성 및 출력.cpp">
      <Filter>소스 파일</Filter>
    </ClCompile>
    <ClCompile Include="연습문제9.cpp">
      <Filter>소스 파일</Filter>
    </ClCompile>
    <ClCompile Include="연습문제9-1.cpp">
      <Filter>소스 파일</Filter>
    </ClCompile>
    <ClCompile Include="연습문제9-2.cpp">
      <Filter>소스 파일</Filter>
    </ClCompile>
    <ClCompile Include="4-14.cpp">
      <Filter>소스 파일</Filter>
    </ClCompile>
  </ItemGroup>
  <ItemGroup>
    <ClInclude Include="Circle.h">
      <Filter>소스 파일</Filter>
    </ClInclude>
  </ItemGroup>
</Project>