
Microsoft Visual Studio Solution File, Format Version 12.00
# Visual Studio Version 16
VisualStudioVersion = 16.0.32126.315
MinimumVisualStudioVersion = 10.0.40219.1
Project("{8BC9CEB8-8B4A-11D0-8D11-00A0C91BC942}") = "ATM_sample", "ATM_sample.vcxproj", "{82ED18E6-3736-45F1-9607-07958B535164}"
EndProject
Global
	GlobalSection(SolutionConfigurationPlatforms) = preSolution
		Debug|x64 = Debug|x64
		Debug|x86 = Debug|x86
		Release|x64 = Release|x64
		Release|x86 = Release|x86
	EndGlobalSection
	GlobalSection(ProjectConfigurationPlatforms) = postSolution
		{82ED18E6-3736-45F1-9607-07958B535164}.Debug|x64.ActiveCfg = Debug|x64
		{82ED18E6-3736-45F1-9607-07958B535164}.Debug|x64.Build.0 = Debug|x64
		{82ED18E6-3736-45F1-9607-07958B535164}.Debug|x86.ActiveCfg = Debug|Win32
		{82ED18E6-3736-45F1-9607-07958B535164}.Debug|x86.Build.0 = Debug|Win32
		{82ED18E6-3736-45F1-9607-07958B535164}.Release|x64.ActiveCfg = Release|x64
		{82ED18E6-3736-45F1-9607-07958B535164}.Release|x64.Build.0 = Release|x64
		{82ED18E6-3736-45F1-9607-07958B535164}.Release|x86.ActiveCfg = Release|Win32
		{82ED18E6-3736-45F1-9607-07958B535164}.Release|x86.Build.0 = Release|Win32
	EndGlobalSection
	GlobalSection(SolutionProperties) = preSolution
		HideSolutionNode = FALSE
	EndGlobalSection
	GlobalSection(ExtensibilityGlobals) = postSolution
		SolutionGuid = {8DB3877D-195C-4707-9DB5-76BFC4D1FE6F}
	EndGlobalSection
EndGlobal
